
Microsoft Visual Studio Solution File, Format Version 12.00
# Visual Studio 15
VisualStudioVersion = 15.0.26124.0
MinimumVisualStudioVersion = 15.0.26124.0
Project("{9A19103F-16F7-4668-BE54-9A1E7A4F7556}") = "Transform", "Transform\Transform.csproj", "{1A324DA8-5D54-4116-8FDC-808E3ED7E7E8}"
EndProject
Project("{9A19103F-16F7-4668-BE54-9A1E7A4F7556}") = "Transform.Tests", "Transform.Tests\Transform.Tests.csproj", "{3353ADEE-5C90-4693-923A-DAC23817120C}"
EndProject
Global
	GlobalSection(SolutionConfigurationPlatforms) = preSolution
		Debug|Any CPU = Debug|Any CPU
		Debug|x64 = Debug|x64
		Debug|x86 = Debug|x86
		Release|Any CPU = Release|Any CPU
		Release|x64 = Release|x64
		Release|x86 = Release|x86
	EndGlobalSection
	GlobalSection(ProjectConfigurationPlatforms) = postSolution
		{1A324DA8-5D54-4116-8FDC-808E3ED7E7E8}.Debug|Any CPU.ActiveCfg = Debug|Any CPU
		{1A324DA8-5D54-4116-8FDC-808E3ED7E7E8}.Debug|Any CPU.Build.0 = Debug|Any CPU
		{1A324DA8-5D54-4116-8FDC-808E3ED7E7E8}.Debug|x64.ActiveCfg = Debug|Any CPU
		{1A324DA8-5D54-4116-8FDC-808E3ED7E7E8}.Debug|x64.Build.0 = Debug|Any CPU
		{1A324DA8-5D54-4116-8FDC-808E3ED7E7E8}.Debug|x86.ActiveCfg = Debug|Any CPU
		{1A324DA8-5D54-4116-8FDC-808E3ED7E7E8}.Debug|x86.Build.0 = Debug|Any CPU
		{1A324DA8-5D54-4116-8FDC-808E3ED7E7E8}.Release|Any CPU.ActiveCfg = Release|Any CPU
		{1A324DA8-5D54-4116-8FDC-808E3ED7E7E8}.Release|Any CPU.Build.0 = Release|Any CPU
		{1A324DA8-5D54-4116-8FDC-808E3ED7E7E8}.Release|x64.ActiveCfg = Release|Any CPU
		{1A324DA8-5D54-4116-8FDC-808E3ED7E7E8}.Release|x64.Build.0 = Release|Any CPU
		{1A324DA8-5D54-4116-8FDC-808E3ED7E7E8}.Release|x86.ActiveCfg = Release|Any CPU
		{1A324DA8-5D54-4116-8FDC-808E3ED7E7E8}.Release|x86.Build.0 = Release|Any CPU
		{3353ADEE-5C90-4693-923A-DAC23817120C}.Debug|Any CPU.ActiveCfg = Debug|Any CPU
		{3353ADEE-5C90-4693-923A-DAC23817120C}.Debug|Any CPU.Build.0 = Debug|Any CPU
		{3353ADEE-5C90-4693-923A-DAC23817120C}.Debug|x64.ActiveCfg = Debug|Any CPU
		{3353ADEE-5C90-4693-923A-DAC23817120C}.Debug|x64.Build.0 = Debug|Any CPU
		{3353ADEE-5C90-4693-923A-DAC23817120C}.Debug|x86.ActiveCfg = Debug|Any CPU
		{3353ADEE-5C90-4693-923A-DAC23817120C}.Debug|x86.Build.0 = Debug|Any CPU
		{3353ADEE-5C90-4693-923A-DAC23817120C}.Release|Any CPU.ActiveCfg = Release|Any CPU
		{3353ADEE-5C90-4693-923A-DAC23817120C}.Release|Any CPU.Build.0 = Release|Any CPU
		{3353ADEE-5C90-4693-923A-DAC23817120C}.Release|x64.ActiveCfg = Release|Any CPU
		{3353ADEE-5C90-4693-923A-DAC23817120C}.Release|x64.Build.0 = Release|Any CPU
		{3353ADEE-5C90-4693-923A-DAC23817120C}.Release|x86.ActiveCfg = Release|Any CPU
		{3353ADEE-5C90-4693-923A-DAC23817120C}.Release|x86.Build.0 = Release|Any CPU
	EndGlobalSection
	GlobalSection(SolutionProperties) = preSolution
		HideSolutionNode = FALSE
	EndGlobalSection
	GlobalSection(ExtensibilityGlobals) = postSolution
		SolutionGuid = {8EBEC481-A6D4-442E-866F-F537FC69E7BC}
	EndGlobalSection
EndGlobal
